
Microsoft Visual Studio Solution File, Format Version 12.00
# Visual Studio Version 16
VisualStudioVersion = 16.0.30011.22
MinimumVisualStudioVersion = 10.0.40219.1
Project("{FAE04EC0-301F-11D3-BF4B-00C04F79EFBC}") = "MainApp", "MainApp\MainApp.csproj", "{614F60CC-24ED-4C2A-8EC9-B4B1F7FFF218}"
EndProject
Global
	GlobalSection(SolutionConfigurationPlatforms) = preSolution
		Debug|Any CPU = Debug|Any CPU
		Release|Any CPU = Release|Any CPU
	EndGlobalSection
	GlobalSection(ProjectConfigurationPlatforms) = postSolution
		{614F60CC-24ED-4C2A-8EC9-B4B1F7FFF218}.Debug|Any CPU.ActiveCfg = Debug|Any CPU
		{614F60CC-24ED-4C2A-8EC9-B4B1F7FFF218}.Debug|Any CPU.Build.0 = Debug|Any CPU
		{614F60CC-24ED-4C2A-8EC9-B4B1F7FFF218}.Release|Any CPU.ActiveCfg = Release|Any CPU
		{614F60CC-24ED-4C2A-8EC9-B4B1F7FFF218}.Release|Any CPU.Build.0 = Release|Any CPU
	EndGlobalSection
	GlobalSection(SolutionProperties) = preSolution
		HideSolutionNode = FALSE
	EndGlobalSection
	GlobalSection(ExtensibilityGlobals) = postSolution
		SolutionGuid = {9B366867-BC4C-4640-AC4D-BE103A264B80}
	EndGlobalSection
EndGlobal
