
Microsoft Visual Studio Solution File, Format Version 12.00
# Visual Studio Version 16
VisualStudioVersion = 16.0.30011.22
MinimumVisualStudioVersion = 10.0.40219.1
Project("{FAE04EC0-301F-11D3-BF4B-00C04F79EFBC}") = "Mnist", "Mnist\Mnist.csproj", "{2FA198CA-2F7C-43C8-97F7-5FDD4B67BB0E}"
EndProject
Global
	GlobalSection(SolutionConfigurationPlatforms) = preSolution
		Debug|Any CPU = Debug|Any CPU
		Release|Any CPU = Release|Any CPU
	EndGlobalSection
	GlobalSection(ProjectConfigurationPlatforms) = postSolution
		{2FA198CA-2F7C-43C8-97F7-5FDD4B67BB0E}.Debug|Any CPU.ActiveCfg = Debug|Any CPU
		{2FA198CA-2F7C-43C8-97F7-5FDD4B67BB0E}.Debug|Any CPU.Build.0 = Debug|Any CPU
		{2FA198CA-2F7C-43C8-97F7-5FDD4B67BB0E}.Release|Any CPU.ActiveCfg = Release|Any CPU
		{2FA198CA-2F7C-43C8-97F7-5FDD4B67BB0E}.Release|Any CPU.Build.0 = Release|Any CPU
	EndGlobalSection
	GlobalSection(SolutionProperties) = preSolution
		HideSolutionNode = FALSE
	EndGlobalSection
	GlobalSection(ExtensibilityGlobals) = postSolution
		SolutionGuid = {7469B8D5-C227-4CA0-913E-F2515A54F043}
	EndGlobalSection
EndGlobal
