
Microsoft Visual Studio Solution File, Format Version 12.00
# Visual Studio Version 16
VisualStudioVersion = 16.0.30011.22
MinimumVisualStudioVersion = 10.0.40219.1
Project("{FAE04EC0-301F-11D3-BF4B-00C04F79EFBC}") = "KNN", "KNN\KNN.csproj", "{13F222EC-E088-48B1-8AF1-2C24F8ADE72C}"
EndProject
Global
	GlobalSection(SolutionConfigurationPlatforms) = preSolution
		Debug|Any CPU = Debug|Any CPU
		Release|Any CPU = Release|Any CPU
	EndGlobalSection
	GlobalSection(ProjectConfigurationPlatforms) = postSolution
		{13F222EC-E088-48B1-8AF1-2C24F8ADE72C}.Debug|Any CPU.ActiveCfg = Debug|Any CPU
		{13F222EC-E088-48B1-8AF1-2C24F8ADE72C}.Debug|Any CPU.Build.0 = Debug|Any CPU
		{13F222EC-E088-48B1-8AF1-2C24F8ADE72C}.Release|Any CPU.ActiveCfg = Release|Any CPU
		{13F222EC-E088-48B1-8AF1-2C24F8ADE72C}.Release|Any CPU.Build.0 = Release|Any CPU
	EndGlobalSection
	GlobalSection(SolutionProperties) = preSolution
		HideSolutionNode = FALSE
	EndGlobalSection
	GlobalSection(ExtensibilityGlobals) = postSolution
		SolutionGuid = {B28C83FB-D61A-4580-9D74-0F15360E6C83}
	EndGlobalSection
EndGlobal
