
Microsoft Visual Studio Solution File, Format Version 12.00
# Visual Studio Version 16
VisualStudioVersion = 16.0.30011.22
MinimumVisualStudioVersion = 10.0.40219.1
Project("{FAE04EC0-301F-11D3-BF4B-00C04F79EFBC}") = "NeuralOperator", "NeuralOperator\NeuralOperator.csproj", "{17257FE6-0674-453C-9C40-6BC9897E4053}"
EndProject
Global
	GlobalSection(SolutionConfigurationPlatforms) = preSolution
		Debug|Any CPU = Debug|Any CPU
		Release|Any CPU = Release|Any CPU
	EndGlobalSection
	GlobalSection(ProjectConfigurationPlatforms) = postSolution
		{17257FE6-0674-453C-9C40-6BC9897E4053}.Debug|Any CPU.ActiveCfg = Debug|Any CPU
		{17257FE6-0674-453C-9C40-6BC9897E4053}.Debug|Any CPU.Build.0 = Debug|Any CPU
		{17257FE6-0674-453C-9C40-6BC9897E4053}.Release|Any CPU.ActiveCfg = Release|Any CPU
		{17257FE6-0674-453C-9C40-6BC9897E4053}.Release|Any CPU.Build.0 = Release|Any CPU
	EndGlobalSection
	GlobalSection(SolutionProperties) = preSolution
		HideSolutionNode = FALSE
	EndGlobalSection
	GlobalSection(ExtensibilityGlobals) = postSolution
		SolutionGuid = {A6E2B3DE-3D00-47FD-B0F2-17D592C89828}
	EndGlobalSection
EndGlobal
